
Microsoft Visual Studio Solution File, Format Version 12.00
Project("{FAE04EC0-301F-11D3-BF4B-00C04F79EFBC}") = "Main", "Main.csproj", "{E4456932-2F4D-481B-847E-856B8880BA96}"
EndProject
Global
	GlobalSection(SolutionConfigurationPlatforms) = preSolution
		Debug|Any CPU = Debug|Any CPU
		Release|Any CPU = Release|Any CPU
	EndGlobalSection
	GlobalSection(ProjectConfigurationPlatforms) = postSolution
		{E4456932-2F4D-481B-847E-856B8880BA96}.Debug|Any CPU.ActiveCfg = Debug|Any CPU
		{E4456932-2F4D-481B-847E-856B8880BA96}.Debug|Any CPU.Build.0 = Debug|Any CPU
		{E4456932-2F4D-481B-847E-856B8880BA96}.Release|Any CPU.ActiveCfg = Release|Any CPU
		{E4456932-2F4D-481B-847E-856B8880BA96}.Release|Any CPU.Build.0 = Release|Any CPU
	EndGlobalSection
EndGlobal
